
Microsoft Visual Studio Solution File, Format Version 12.00
# Visual Studio 15
VisualStudioVersion = 15.0.27004.2006
MinimumVisualStudioVersion = 10.0.40219.1
Project("{FAE04EC0-301F-11D3-BF4B-00C04F79EFBC}") = "budgetif.Web", "budgetif.Web\budgetif.Web.csproj", "{6DC9FCBA-6357-4F02-9485-4E3E298439A9}"
EndProject
Project("{FAE04EC0-301F-11D3-BF4B-00C04F79EFBC}") = "budgetif.Model", "budgetif.Model\budgetif.Model.csproj", "{A7BE60EE-6543-4E4E-9E8A-EF500A66661A}"
EndProject
Project("{FAE04EC0-301F-11D3-BF4B-00C04F79EFBC}") = "budgetif.Processor", "budgetif.Processor\budgetif.Processor.csproj", "{DE5E0D26-AA56-4D4A-828E-597393A489E0}"
EndProject
Project("{FAE04EC0-301F-11D3-BF4B-00C04F79EFBC}") = "budget.App", "budget.App\budget.App.csproj", "{39845A8C-CDC6-4D9E-8442-D6DC21CA05B3}"
EndProject
Project("{FAE04EC0-301F-11D3-BF4B-00C04F79EFBC}") = "budgetif.GoogleSpreadsheet", "budgetif.GoogleSpreadsheet\budgetif.GoogleSpreadsheet.csproj", "{CB982BAC-4D0C-4B90-88BC-F9123DA2409F}"
EndProject
Global
	GlobalSection(SolutionConfigurationPlatforms) = preSolution
		Debug|Any CPU = Debug|Any CPU
		Release|Any CPU = Release|Any CPU
	EndGlobalSection
	GlobalSection(ProjectConfigurationPlatforms) = postSolution
		{6DC9FCBA-6357-4F02-9485-4E3E298439A9}.Debug|Any CPU.ActiveCfg = Debug|Any CPU
		{6DC9FCBA-6357-4F02-9485-4E3E298439A9}.Debug|Any CPU.Build.0 = Debug|Any CPU
		{6DC9FCBA-6357-4F02-9485-4E3E298439A9}.Release|Any CPU.ActiveCfg = Release|Any CPU
		{6DC9FCBA-6357-4F02-9485-4E3E298439A9}.Release|Any CPU.Build.0 = Release|Any CPU
		{A7BE60EE-6543-4E4E-9E8A-EF500A66661A}.Debug|Any CPU.ActiveCfg = Debug|Any CPU
		{A7BE60EE-6543-4E4E-9E8A-EF500A66661A}.Debug|Any CPU.Build.0 = Debug|Any CPU
		{A7BE60EE-6543-4E4E-9E8A-EF500A66661A}.Release|Any CPU.ActiveCfg = Release|Any CPU
		{A7BE60EE-6543-4E4E-9E8A-EF500A66661A}.Release|Any CPU.Build.0 = Release|Any CPU
		{DE5E0D26-AA56-4D4A-828E-597393A489E0}.Debug|Any CPU.ActiveCfg = Debug|Any CPU
		{DE5E0D26-AA56-4D4A-828E-597393A489E0}.Debug|Any CPU.Build.0 = Debug|Any CPU
		{DE5E0D26-AA56-4D4A-828E-597393A489E0}.Release|Any CPU.ActiveCfg = Release|Any CPU
		{DE5E0D26-AA56-4D4A-828E-597393A489E0}.Release|Any CPU.Build.0 = Release|Any CPU
		{39845A8C-CDC6-4D9E-8442-D6DC21CA05B3}.Debug|Any CPU.ActiveCfg = Debug|Any CPU
		{39845A8C-CDC6-4D9E-8442-D6DC21CA05B3}.Debug|Any CPU.Build.0 = Debug|Any CPU
		{39845A8C-CDC6-4D9E-8442-D6DC21CA05B3}.Release|Any CPU.ActiveCfg = Release|Any CPU
		{39845A8C-CDC6-4D9E-8442-D6DC21CA05B3}.Release|Any CPU.Build.0 = Release|Any CPU
		{CB982BAC-4D0C-4B90-88BC-F9123DA2409F}.Debug|Any CPU.ActiveCfg = Debug|Any CPU
		{CB982BAC-4D0C-4B90-88BC-F9123DA2409F}.Debug|Any CPU.Build.0 = Debug|Any CPU
		{CB982BAC-4D0C-4B90-88BC-F9123DA2409F}.Release|Any CPU.ActiveCfg = Release|Any CPU
		{CB982BAC-4D0C-4B90-88BC-F9123DA2409F}.Release|Any CPU.Build.0 = Release|Any CPU
	EndGlobalSection
	GlobalSection(SolutionProperties) = preSolution
		HideSolutionNode = FALSE
	EndGlobalSection
	GlobalSection(ExtensibilityGlobals) = postSolution
		SolutionGuid = {A2541934-CD58-42FB-BC1F-BF79AAF4BC00}
	EndGlobalSection
EndGlobal
